
Microsoft Visual Studio Solution File, Format Version 12.00
# Visual Studio 15
VisualStudioVersion = 15.0.28010.2048
MinimumVisualStudioVersion = 10.0.40219.1
Project("{9A19103F-16F7-4668-BE54-9A1E7A4F7556}") = "Library", "Library\Library.csproj", "{E851190F-7E9D-4932-96FE-A817E190E1B3}"
EndProject
Project("{FAE04EC0-301F-11D3-BF4B-00C04F79EFBC}") = "LibraryIterator", "LibraryIterator\LibraryIterator.csproj", "{8B37881F-20D4-44D8-910A-657AE66BCE62}"
EndProject
Project("{FAE04EC0-301F-11D3-BF4B-00C04F79EFBC}") = "ComparableBook", "ComparableBook\ComparableBook.csproj", "{C4A7B926-1E60-4C26-A684-B32712D92379}"
EndProject
Project("{FAE04EC0-301F-11D3-BF4B-00C04F79EFBC}") = "BookComparator", "BookComparator\BookComparator.csproj", "{882E3EF0-74FD-43E1-983E-EC2D02B25A40}"
EndProject
Global
	GlobalSection(SolutionConfigurationPlatforms) = preSolution
		Debug|Any CPU = Debug|Any CPU
		Release|Any CPU = Release|Any CPU
	EndGlobalSection
	GlobalSection(ProjectConfigurationPlatforms) = postSolution
		{E851190F-7E9D-4932-96FE-A817E190E1B3}.Debug|Any CPU.ActiveCfg = Debug|Any CPU
		{E851190F-7E9D-4932-96FE-A817E190E1B3}.Debug|Any CPU.Build.0 = Debug|Any CPU
		{E851190F-7E9D-4932-96FE-A817E190E1B3}.Release|Any CPU.ActiveCfg = Release|Any CPU
		{E851190F-7E9D-4932-96FE-A817E190E1B3}.Release|Any CPU.Build.0 = Release|Any CPU
		{8B37881F-20D4-44D8-910A-657AE66BCE62}.Debug|Any CPU.ActiveCfg = Debug|Any CPU
		{8B37881F-20D4-44D8-910A-657AE66BCE62}.Debug|Any CPU.Build.0 = Debug|Any CPU
		{8B37881F-20D4-44D8-910A-657AE66BCE62}.Release|Any CPU.ActiveCfg = Release|Any CPU
		{8B37881F-20D4-44D8-910A-657AE66BCE62}.Release|Any CPU.Build.0 = Release|Any CPU
		{C4A7B926-1E60-4C26-A684-B32712D92379}.Debug|Any CPU.ActiveCfg = Debug|Any CPU
		{C4A7B926-1E60-4C26-A684-B32712D92379}.Debug|Any CPU.Build.0 = Debug|Any CPU
		{C4A7B926-1E60-4C26-A684-B32712D92379}.Release|Any CPU.ActiveCfg = Release|Any CPU
		{C4A7B926-1E60-4C26-A684-B32712D92379}.Release|Any CPU.Build.0 = Release|Any CPU
		{882E3EF0-74FD-43E1-983E-EC2D02B25A40}.Debug|Any CPU.ActiveCfg = Debug|Any CPU
		{882E3EF0-74FD-43E1-983E-EC2D02B25A40}.Debug|Any CPU.Build.0 = Debug|Any CPU
		{882E3EF0-74FD-43E1-983E-EC2D02B25A40}.Release|Any CPU.ActiveCfg = Release|Any CPU
		{882E3EF0-74FD-43E1-983E-EC2D02B25A40}.Release|Any CPU.Build.0 = Release|Any CPU
	EndGlobalSection
	GlobalSection(SolutionProperties) = preSolution
		HideSolutionNode = FALSE
	EndGlobalSection
	GlobalSection(ExtensibilityGlobals) = postSolution
		SolutionGuid = {4BA662B7-18F8-454C-A7C0-410229D1DA53}
	EndGlobalSection
EndGlobal
