
Microsoft Visual Studio Solution File, Format Version 12.00
# Visual Studio 15
VisualStudioVersion = 15.0.28010.2048
MinimumVisualStudioVersion = 10.0.40219.1
Project("{FAE04EC0-301F-11D3-BF4B-00C04F79EFBC}") = "Database", "Database\Database.csproj", "{5843ADB4-B5A9-4475-ADF3-36DAB40C1ACA}"
EndProject
Project("{FAE04EC0-301F-11D3-BF4B-00C04F79EFBC}") = "Database.Tests", "Database.Tests\Database.Tests.csproj", "{C72E1F2A-A62E-47B2-A401-9316DFD0CC12}"
EndProject
Project("{FAE04EC0-301F-11D3-BF4B-00C04F79EFBC}") = "ListIterator", "ListIterator\ListIterator.csproj", "{02F0D3F1-171C-4AD5-A018-82418E9B8A9F}"
EndProject
Project("{FAE04EC0-301F-11D3-BF4B-00C04F79EFBC}") = "ListIteratorTests", "ListIteratorTests\ListIteratorTests.csproj", "{EF91B753-0029-4BD1-811F-98ADAA2DE932}"
EndProject
Global
	GlobalSection(SolutionConfigurationPlatforms) = preSolution
		Debug|Any CPU = Debug|Any CPU
		Release|Any CPU = Release|Any CPU
	EndGlobalSection
	GlobalSection(ProjectConfigurationPlatforms) = postSolution
		{5843ADB4-B5A9-4475-ADF3-36DAB40C1ACA}.Debug|Any CPU.ActiveCfg = Debug|Any CPU
		{5843ADB4-B5A9-4475-ADF3-36DAB40C1ACA}.Debug|Any CPU.Build.0 = Debug|Any CPU
		{5843ADB4-B5A9-4475-ADF3-36DAB40C1ACA}.Release|Any CPU.ActiveCfg = Release|Any CPU
		{5843ADB4-B5A9-4475-ADF3-36DAB40C1ACA}.Release|Any CPU.Build.0 = Release|Any CPU
		{C72E1F2A-A62E-47B2-A401-9316DFD0CC12}.Debug|Any CPU.ActiveCfg = Debug|Any CPU
		{C72E1F2A-A62E-47B2-A401-9316DFD0CC12}.Debug|Any CPU.Build.0 = Debug|Any CPU
		{C72E1F2A-A62E-47B2-A401-9316DFD0CC12}.Release|Any CPU.ActiveCfg = Release|Any CPU
		{C72E1F2A-A62E-47B2-A401-9316DFD0CC12}.Release|Any CPU.Build.0 = Release|Any CPU
		{02F0D3F1-171C-4AD5-A018-82418E9B8A9F}.Debug|Any CPU.ActiveCfg = Debug|Any CPU
		{02F0D3F1-171C-4AD5-A018-82418E9B8A9F}.Debug|Any CPU.Build.0 = Debug|Any CPU
		{02F0D3F1-171C-4AD5-A018-82418E9B8A9F}.Release|Any CPU.ActiveCfg = Release|Any CPU
		{02F0D3F1-171C-4AD5-A018-82418E9B8A9F}.Release|Any CPU.Build.0 = Release|Any CPU
		{EF91B753-0029-4BD1-811F-98ADAA2DE932}.Debug|Any CPU.ActiveCfg = Debug|Any CPU
		{EF91B753-0029-4BD1-811F-98ADAA2DE932}.Debug|Any CPU.Build.0 = Debug|Any CPU
		{EF91B753-0029-4BD1-811F-98ADAA2DE932}.Release|Any CPU.ActiveCfg = Release|Any CPU
		{EF91B753-0029-4BD1-811F-98ADAA2DE932}.Release|Any CPU.Build.0 = Release|Any CPU
	EndGlobalSection
	GlobalSection(SolutionProperties) = preSolution
		HideSolutionNode = FALSE
	EndGlobalSection
	GlobalSection(ExtensibilityGlobals) = postSolution
		SolutionGuid = {A96BC0D0-EC45-4187-B9A3-4118A37E40F6}
	EndGlobalSection
EndGlobal
