
Microsoft Visual Studio Solution File, Format Version 12.00
# Visual Studio 15
VisualStudioVersion = 15.0.28010.2048
MinimumVisualStudioVersion = 10.0.40219.1
Project("{FAE04EC0-301F-11D3-BF4B-00C04F79EFBC}") = "Skeleton", "Skeleton\Skeleton.csproj", "{30FE6092-9664-433B-92BA-50CEC59AB9CC}"
EndProject
Project("{FAE04EC0-301F-11D3-BF4B-00C04F79EFBC}") = "Skeleton.Tests", "Skeleton.Tests\Skeleton.Tests.csproj", "{92FBE0AB-956F-4EEC-8D7B-5BE392C162F1}"
EndProject
Global
	GlobalSection(SolutionConfigurationPlatforms) = preSolution
		Debug|Any CPU = Debug|Any CPU
		Release|Any CPU = Release|Any CPU
	EndGlobalSection
	GlobalSection(ProjectConfigurationPlatforms) = postSolution
		{30FE6092-9664-433B-92BA-50CEC59AB9CC}.Debug|Any CPU.ActiveCfg = Debug|Any CPU
		{30FE6092-9664-433B-92BA-50CEC59AB9CC}.Debug|Any CPU.Build.0 = Debug|Any CPU
		{30FE6092-9664-433B-92BA-50CEC59AB9CC}.Release|Any CPU.ActiveCfg = Release|Any CPU
		{30FE6092-9664-433B-92BA-50CEC59AB9CC}.Release|Any CPU.Build.0 = Release|Any CPU
		{92FBE0AB-956F-4EEC-8D7B-5BE392C162F1}.Debug|Any CPU.ActiveCfg = Debug|Any CPU
		{92FBE0AB-956F-4EEC-8D7B-5BE392C162F1}.Debug|Any CPU.Build.0 = Debug|Any CPU
		{92FBE0AB-956F-4EEC-8D7B-5BE392C162F1}.Release|Any CPU.ActiveCfg = Release|Any CPU
		{92FBE0AB-956F-4EEC-8D7B-5BE392C162F1}.Release|Any CPU.Build.0 = Release|Any CPU
	EndGlobalSection
	GlobalSection(SolutionProperties) = preSolution
		HideSolutionNode = FALSE
	EndGlobalSection
	GlobalSection(ExtensibilityGlobals) = postSolution
		SolutionGuid = {831FB37E-F4F2-4EBA-97EA-D582DB19DB09}
	EndGlobalSection
EndGlobal
