
Microsoft Visual Studio Solution File, Format Version 12.00
# Visual Studio 15
VisualStudioVersion = 15.0.27428.2037
MinimumVisualStudioVersion = 10.0.40219.1
Project("{FAE04EC0-301F-11D3-BF4B-00C04F79EFBC}") = "ProductsShop", "ProductsShop\ProductsShop.csproj", "{4F363B1D-27AB-4DCF-8ADF-2D4234587254}"
EndProject
Global
	GlobalSection(SolutionConfigurationPlatforms) = preSolution
		Debug|Any CPU = Debug|Any CPU
		Release|Any CPU = Release|Any CPU
	EndGlobalSection
	GlobalSection(ProjectConfigurationPlatforms) = postSolution
		{4F363B1D-27AB-4DCF-8ADF-2D4234587254}.Debug|Any CPU.ActiveCfg = Debug|Any CPU
		{4F363B1D-27AB-4DCF-8ADF-2D4234587254}.Debug|Any CPU.Build.0 = Debug|Any CPU
		{4F363B1D-27AB-4DCF-8ADF-2D4234587254}.Release|Any CPU.ActiveCfg = Release|Any CPU
		{4F363B1D-27AB-4DCF-8ADF-2D4234587254}.Release|Any CPU.Build.0 = Release|Any CPU
	EndGlobalSection
	GlobalSection(SolutionProperties) = preSolution
		HideSolutionNode = FALSE
	EndGlobalSection
	GlobalSection(ExtensibilityGlobals) = postSolution
		SolutionGuid = {15AE2554-2008-4A80-AE00-1336496091F4}
	EndGlobalSection
EndGlobal
