
Microsoft Visual Studio Solution File, Format Version 12.00
# Visual Studio 15
VisualStudioVersion = 15.0.28010.2048
MinimumVisualStudioVersion = 10.0.40219.1
Project("{FAE04EC0-301F-11D3-BF4B-00C04F79EFBC}") = "BoxOfT", "BoxOfT\BoxOfT.csproj", "{10C4B30B-3B53-4582-97A9-9EC0299695D9}"
EndProject
Project("{FAE04EC0-301F-11D3-BF4B-00C04F79EFBC}") = "ArrayCreator", "ArrayCreator\ArrayCreator.csproj", "{DEAA9489-B8E1-4954-8440-E6A04CD83CB8}"
EndProject
Project("{FAE04EC0-301F-11D3-BF4B-00C04F79EFBC}") = "GenericScale", "GenericScale\GenericScale.csproj", "{80BAEF2D-BCAE-4C9E-8E57-5001FF2293EA}"
EndProject
Global
	GlobalSection(SolutionConfigurationPlatforms) = preSolution
		Debug|Any CPU = Debug|Any CPU
		Release|Any CPU = Release|Any CPU
	EndGlobalSection
	GlobalSection(ProjectConfigurationPlatforms) = postSolution
		{10C4B30B-3B53-4582-97A9-9EC0299695D9}.Debug|Any CPU.ActiveCfg = Debug|Any CPU
		{10C4B30B-3B53-4582-97A9-9EC0299695D9}.Debug|Any CPU.Build.0 = Debug|Any CPU
		{10C4B30B-3B53-4582-97A9-9EC0299695D9}.Release|Any CPU.ActiveCfg = Release|Any CPU
		{10C4B30B-3B53-4582-97A9-9EC0299695D9}.Release|Any CPU.Build.0 = Release|Any CPU
		{DEAA9489-B8E1-4954-8440-E6A04CD83CB8}.Debug|Any CPU.ActiveCfg = Debug|Any CPU
		{DEAA9489-B8E1-4954-8440-E6A04CD83CB8}.Debug|Any CPU.Build.0 = Debug|Any CPU
		{DEAA9489-B8E1-4954-8440-E6A04CD83CB8}.Release|Any CPU.ActiveCfg = Release|Any CPU
		{DEAA9489-B8E1-4954-8440-E6A04CD83CB8}.Release|Any CPU.Build.0 = Release|Any CPU
		{80BAEF2D-BCAE-4C9E-8E57-5001FF2293EA}.Debug|Any CPU.ActiveCfg = Debug|Any CPU
		{80BAEF2D-BCAE-4C9E-8E57-5001FF2293EA}.Debug|Any CPU.Build.0 = Debug|Any CPU
		{80BAEF2D-BCAE-4C9E-8E57-5001FF2293EA}.Release|Any CPU.ActiveCfg = Release|Any CPU
		{80BAEF2D-BCAE-4C9E-8E57-5001FF2293EA}.Release|Any CPU.Build.0 = Release|Any CPU
	EndGlobalSection
	GlobalSection(SolutionProperties) = preSolution
		HideSolutionNode = FALSE
	EndGlobalSection
	GlobalSection(ExtensibilityGlobals) = postSolution
		SolutionGuid = {051C49F4-B2F1-43F4-9F59-6BF81F966CE3}
	EndGlobalSection
EndGlobal
