
Microsoft Visual Studio Solution File, Format Version 12.00
# Visual Studio 15
VisualStudioVersion = 15.0.28010.2048
MinimumVisualStudioVersion = 10.0.40219.1
Project("{9A19103F-16F7-4668-BE54-9A1E7A4F7556}") = "Stealer", "Stealer\Stealer.csproj", "{0AD0465D-9DC2-4D53-A049-7B37E3F4727A}"
EndProject
Project("{9A19103F-16F7-4668-BE54-9A1E7A4F7556}") = "HighQualityMistakes", "HighQualityMistakes\HighQualityMistakes.csproj", "{2F94C3CD-EF50-456C-96BE-12691A2FE1CC}"
EndProject
Project("{FAE04EC0-301F-11D3-BF4B-00C04F79EFBC}") = "MissionPrivateImpossible", "MissionPrivateImpossible\MissionPrivateImpossible.csproj", "{9EC0B5B2-7B29-49C3-8405-43EDC61554DA}"
EndProject
Project("{FAE04EC0-301F-11D3-BF4B-00C04F79EFBC}") = "Collector", "Collector\Collector.csproj", "{B97F8AF3-A39B-43EA-88C0-5562DE767ADD}"
EndProject
Project("{FAE04EC0-301F-11D3-BF4B-00C04F79EFBC}") = "CreateAttribute", "CreateAttribute\CreateAttribute.csproj", "{719164D9-082D-45D1-9607-D6FD579846DF}"
EndProject
Global
	GlobalSection(SolutionConfigurationPlatforms) = preSolution
		Debug|Any CPU = Debug|Any CPU
		Release|Any CPU = Release|Any CPU
	EndGlobalSection
	GlobalSection(ProjectConfigurationPlatforms) = postSolution
		{0AD0465D-9DC2-4D53-A049-7B37E3F4727A}.Debug|Any CPU.ActiveCfg = Debug|Any CPU
		{0AD0465D-9DC2-4D53-A049-7B37E3F4727A}.Debug|Any CPU.Build.0 = Debug|Any CPU
		{0AD0465D-9DC2-4D53-A049-7B37E3F4727A}.Release|Any CPU.ActiveCfg = Release|Any CPU
		{0AD0465D-9DC2-4D53-A049-7B37E3F4727A}.Release|Any CPU.Build.0 = Release|Any CPU
		{2F94C3CD-EF50-456C-96BE-12691A2FE1CC}.Debug|Any CPU.ActiveCfg = Debug|Any CPU
		{2F94C3CD-EF50-456C-96BE-12691A2FE1CC}.Debug|Any CPU.Build.0 = Debug|Any CPU
		{2F94C3CD-EF50-456C-96BE-12691A2FE1CC}.Release|Any CPU.ActiveCfg = Release|Any CPU
		{2F94C3CD-EF50-456C-96BE-12691A2FE1CC}.Release|Any CPU.Build.0 = Release|Any CPU
		{9EC0B5B2-7B29-49C3-8405-43EDC61554DA}.Debug|Any CPU.ActiveCfg = Debug|Any CPU
		{9EC0B5B2-7B29-49C3-8405-43EDC61554DA}.Debug|Any CPU.Build.0 = Debug|Any CPU
		{9EC0B5B2-7B29-49C3-8405-43EDC61554DA}.Release|Any CPU.ActiveCfg = Release|Any CPU
		{9EC0B5B2-7B29-49C3-8405-43EDC61554DA}.Release|Any CPU.Build.0 = Release|Any CPU
		{B97F8AF3-A39B-43EA-88C0-5562DE767ADD}.Debug|Any CPU.ActiveCfg = Debug|Any CPU
		{B97F8AF3-A39B-43EA-88C0-5562DE767ADD}.Debug|Any CPU.Build.0 = Debug|Any CPU
		{B97F8AF3-A39B-43EA-88C0-5562DE767ADD}.Release|Any CPU.ActiveCfg = Release|Any CPU
		{B97F8AF3-A39B-43EA-88C0-5562DE767ADD}.Release|Any CPU.Build.0 = Release|Any CPU
		{719164D9-082D-45D1-9607-D6FD579846DF}.Debug|Any CPU.ActiveCfg = Debug|Any CPU
		{719164D9-082D-45D1-9607-D6FD579846DF}.Debug|Any CPU.Build.0 = Debug|Any CPU
		{719164D9-082D-45D1-9607-D6FD579846DF}.Release|Any CPU.ActiveCfg = Release|Any CPU
		{719164D9-082D-45D1-9607-D6FD579846DF}.Release|Any CPU.Build.0 = Release|Any CPU
	EndGlobalSection
	GlobalSection(SolutionProperties) = preSolution
		HideSolutionNode = FALSE
	EndGlobalSection
	GlobalSection(ExtensibilityGlobals) = postSolution
		SolutionGuid = {3FD3E87E-03EE-439E-ABFD-1FD3D3D365C5}
	EndGlobalSection
EndGlobal
