
Microsoft Visual Studio Solution File, Format Version 12.00
# Visual Studio 15
VisualStudioVersion = 15.0.28010.2048
MinimumVisualStudioVersion = 10.0.40219.1
Project("{9A19103F-16F7-4668-BE54-9A1E7A4F7556}") = "ListyIterator", "ListyIterator\ListyIterator.csproj", "{21474759-B66B-4B83-ACA7-8FE7345A62DA}"
EndProject
Project("{9A19103F-16F7-4668-BE54-9A1E7A4F7556}") = "Collection", "Collection\Collection.csproj", "{30C44CC0-CEE2-4856-84A8-4F7517AD3A16}"
EndProject
Project("{9A19103F-16F7-4668-BE54-9A1E7A4F7556}") = "Stack", "Stack\Stack.csproj", "{BB62F80C-3DDA-4349-A496-D14562ECECD2}"
EndProject
Project("{FAE04EC0-301F-11D3-BF4B-00C04F79EFBC}") = "Froggy", "Froggy\Froggy.csproj", "{D01AF4AB-A80C-4DA3-8B16-1C02725F577B}"
EndProject
Project("{FAE04EC0-301F-11D3-BF4B-00C04F79EFBC}") = "ComparingObject", "ComparingObject\ComparingObject.csproj", "{7469A838-641C-4530-A39C-63F788331D31}"
EndProject
Project("{FAE04EC0-301F-11D3-BF4B-00C04F79EFBC}") = "StrategyPattern", "StrategyPattern\StrategyPattern.csproj", "{C03EB294-89F2-45EF-9825-D29B14BB8476}"
EndProject
Global
	GlobalSection(SolutionConfigurationPlatforms) = preSolution
		Debug|Any CPU = Debug|Any CPU
		Release|Any CPU = Release|Any CPU
	EndGlobalSection
	GlobalSection(ProjectConfigurationPlatforms) = postSolution
		{21474759-B66B-4B83-ACA7-8FE7345A62DA}.Debug|Any CPU.ActiveCfg = Debug|Any CPU
		{21474759-B66B-4B83-ACA7-8FE7345A62DA}.Debug|Any CPU.Build.0 = Debug|Any CPU
		{21474759-B66B-4B83-ACA7-8FE7345A62DA}.Release|Any CPU.ActiveCfg = Release|Any CPU
		{21474759-B66B-4B83-ACA7-8FE7345A62DA}.Release|Any CPU.Build.0 = Release|Any CPU
		{30C44CC0-CEE2-4856-84A8-4F7517AD3A16}.Debug|Any CPU.ActiveCfg = Debug|Any CPU
		{30C44CC0-CEE2-4856-84A8-4F7517AD3A16}.Debug|Any CPU.Build.0 = Debug|Any CPU
		{30C44CC0-CEE2-4856-84A8-4F7517AD3A16}.Release|Any CPU.ActiveCfg = Release|Any CPU
		{30C44CC0-CEE2-4856-84A8-4F7517AD3A16}.Release|Any CPU.Build.0 = Release|Any CPU
		{BB62F80C-3DDA-4349-A496-D14562ECECD2}.Debug|Any CPU.ActiveCfg = Debug|Any CPU
		{BB62F80C-3DDA-4349-A496-D14562ECECD2}.Debug|Any CPU.Build.0 = Debug|Any CPU
		{BB62F80C-3DDA-4349-A496-D14562ECECD2}.Release|Any CPU.ActiveCfg = Release|Any CPU
		{BB62F80C-3DDA-4349-A496-D14562ECECD2}.Release|Any CPU.Build.0 = Release|Any CPU
		{D01AF4AB-A80C-4DA3-8B16-1C02725F577B}.Debug|Any CPU.ActiveCfg = Debug|Any CPU
		{D01AF4AB-A80C-4DA3-8B16-1C02725F577B}.Debug|Any CPU.Build.0 = Debug|Any CPU
		{D01AF4AB-A80C-4DA3-8B16-1C02725F577B}.Release|Any CPU.ActiveCfg = Release|Any CPU
		{D01AF4AB-A80C-4DA3-8B16-1C02725F577B}.Release|Any CPU.Build.0 = Release|Any CPU
		{7469A838-641C-4530-A39C-63F788331D31}.Debug|Any CPU.ActiveCfg = Debug|Any CPU
		{7469A838-641C-4530-A39C-63F788331D31}.Debug|Any CPU.Build.0 = Debug|Any CPU
		{7469A838-641C-4530-A39C-63F788331D31}.Release|Any CPU.ActiveCfg = Release|Any CPU
		{7469A838-641C-4530-A39C-63F788331D31}.Release|Any CPU.Build.0 = Release|Any CPU
		{C03EB294-89F2-45EF-9825-D29B14BB8476}.Debug|Any CPU.ActiveCfg = Debug|Any CPU
		{C03EB294-89F2-45EF-9825-D29B14BB8476}.Debug|Any CPU.Build.0 = Debug|Any CPU
		{C03EB294-89F2-45EF-9825-D29B14BB8476}.Release|Any CPU.ActiveCfg = Release|Any CPU
		{C03EB294-89F2-45EF-9825-D29B14BB8476}.Release|Any CPU.Build.0 = Release|Any CPU
	EndGlobalSection
	GlobalSection(SolutionProperties) = preSolution
		HideSolutionNode = FALSE
	EndGlobalSection
	GlobalSection(ExtensibilityGlobals) = postSolution
		SolutionGuid = {2DEE5BA9-FBCB-4228-901A-F749AE7398D1}
	EndGlobalSection
EndGlobal
